PODS:
  - Flutter (1.0.0)
  - FullStory (1.72.1)
  - fullstory_flutter (0.0.1):
    - Flutter
    - FullStory (= 1.72.1)
  - integration_test (0.0.1):
    - Flutter
  - webview_flutter_wkwebview (0.0.1):
    - Flutter
    - FlutterMacOS

DEPENDENCIES:
  - Flutter (from `Flutter`)
  - fullstory_flutter (from `.symlinks/plugins/fullstory_flutter/ios`)
  - integration_test (from `.symlinks/plugins/integration_test/ios`)
  - webview_flutter_wkwebview (from `.symlinks/plugins/webview_flutter_wkwebview/darwin`)

SPEC REPOS:
  trunk:
    - FullStory

EXTERNAL SOURCES:
  Flutter:
    :path: Flutter
  fullstory_flutter:
    :path: ".symlinks/plugins/fullstory_flutter/ios"
  integration_test:
    :path: ".symlinks/plugins/integration_test/ios"
  webview_flutter_wkwebview:
    :path: ".symlinks/plugins/webview_flutter_wkwebview/darwin"

SPEC CHECKSUMS:
  Flutter: cabc95a1d2626b1b06e7179b784ebcf0c0cde467
  FullStory: 29dd34595e2d324abf11b96f0227f64a6caadb80
  fullstory_flutter: f2fbeae317fbbadb17b91149d55be7a3e57944e5
  integration_test: 4a889634ef21a45d28d50d622cf412dc6d9f586e
  webview_flutter_wkwebview: 8ebf4fded22593026f7dbff1fbff31ea98573c8d

PODFILE CHECKSUM: 53a6aebc29ccee84c41f92f409fc20cd4ca011f1

COCOAPODS: 1.16.2
