PODS:
  - Flutter (1.0.0)
  - FullStory (1.68.2)
  - fullstory_flutter (0.0.1):
    - Flutter
    - FullStory (~> 1.66)
  - integration_test (0.0.1):
    - Flutter
  - webview_flutter_wkwebview (0.0.1):
    - Flutter
    - FlutterMacOS

DEPENDENCIES:
  - Flutter (from `Flutter`)
  - fullstory_flutter (from `.symlinks/plugins/fullstory_flutter/ios`)
  - integration_test (from `.symlinks/plugins/integration_test/ios`)
  - webview_flutter_wkwebview (from `.symlinks/plugins/webview_flutter_wkwebview/darwin`)

SPEC REPOS:
  trunk:
    - FullStory

EXTERNAL SOURCES:
  Flutter:
    :path: Flutter
  fullstory_flutter:
    :path: ".symlinks/plugins/fullstory_flutter/ios"
  integration_test:
    :path: ".symlinks/plugins/integration_test/ios"
  webview_flutter_wkwebview:
    :path: ".symlinks/plugins/webview_flutter_wkwebview/darwin"

SPEC CHECKSUMS:
  Flutter: cabc95a1d2626b1b06e7179b784ebcf0c0cde467
  FullStory: 400bf677270c76af814e61c6c48088b63f935f11
  fullstory_flutter: 898187abc84d1b49bb7242741a393353c3cc0757
  integration_test: 4a889634ef21a45d28d50d622cf412dc6d9f586e
  webview_flutter_wkwebview: 8ebf4fded22593026f7dbff1fbff31ea98573c8d

PODFILE CHECKSUM: 53a6aebc29ccee84c41f92f409fc20cd4ca011f1

COCOAPODS: 1.16.2
